
Microsoft Visual Studio Solution File, Format Version 12.00
# Visual Studio 15
VisualStudioVersion = 15.0.28307.539
MinimumVisualStudioVersion = 10.0.40219.1
Project("{9A19103F-16F7-4668-BE54-9A1E7A4F7556}") = "DominioSecretaria", "DominioSecretaria\DominioSecretaria.csproj", "{502D7BA8-94B5-4309-B2AA-44CAD4DDFE36}"
EndProject
Project("{9A19103F-16F7-4668-BE54-9A1E7A4F7556}") = "ADOmysql", "ADOmysql\ADOmysql.csproj", "{AB93853D-CC17-4BA3-9FF9-57D3033773B5}"
EndProject
Project("{FAE04EC0-301F-11D3-BF4B-00C04F79EFBC}") = "BackEndSecretaria", "BackEndSecretaria\BackEndSecretaria.csproj", "{38F7435C-6D6D-435B-A61D-00BC35C505B3}"
EndProject
Global
	GlobalSection(SolutionConfigurationPlatforms) = preSolution
		Debug|Any CPU = Debug|Any CPU
		Release|Any CPU = Release|Any CPU
	EndGlobalSection
	GlobalSection(ProjectConfigurationPlatforms) = postSolution
		{502D7BA8-94B5-4309-B2AA-44CAD4DDFE36}.Debug|Any CPU.ActiveCfg = Debug|Any CPU
		{502D7BA8-94B5-4309-B2AA-44CAD4DDFE36}.Debug|Any CPU.Build.0 = Debug|Any CPU
		{502D7BA8-94B5-4309-B2AA-44CAD4DDFE36}.Release|Any CPU.ActiveCfg = Release|Any CPU
		{502D7BA8-94B5-4309-B2AA-44CAD4DDFE36}.Release|Any CPU.Build.0 = Release|Any CPU
		{AB93853D-CC17-4BA3-9FF9-57D3033773B5}.Debug|Any CPU.ActiveCfg = Debug|Any CPU
		{AB93853D-CC17-4BA3-9FF9-57D3033773B5}.Debug|Any CPU.Build.0 = Debug|Any CPU
		{AB93853D-CC17-4BA3-9FF9-57D3033773B5}.Release|Any CPU.ActiveCfg = Release|Any CPU
		{AB93853D-CC17-4BA3-9FF9-57D3033773B5}.Release|Any CPU.Build.0 = Release|Any CPU
		{38F7435C-6D6D-435B-A61D-00BC35C505B3}.Debug|Any CPU.ActiveCfg = Debug|Any CPU
		{38F7435C-6D6D-435B-A61D-00BC35C505B3}.Debug|Any CPU.Build.0 = Debug|Any CPU
		{38F7435C-6D6D-435B-A61D-00BC35C505B3}.Release|Any CPU.ActiveCfg = Release|Any CPU
		{38F7435C-6D6D-435B-A61D-00BC35C505B3}.Release|Any CPU.Build.0 = Release|Any CPU
	EndGlobalSection
	GlobalSection(SolutionProperties) = preSolution
		HideSolutionNode = FALSE
	EndGlobalSection
	GlobalSection(ExtensibilityGlobals) = postSolution
		SolutionGuid = {EA27F43C-F264-429E-88FE-EA170DA3771A}
	EndGlobalSection
EndGlobal
